proj_file_hash = "73df7e1ac1640cebc1ec0312521899f6"

[[dependencies]]
name = "cairo-fix"
version = "0.4.0"
path = ".fixlang/deps/cairo-fix_0.4.0"

[dependencies.git]
repo = "https://github.com/tttmmmyyyy/fixlang-cairo.git"
rev = "a2e39db17b1b12b9f62a2120d62224f36191cb45"

[[dependencies]]
name = "math"
version = "2.0.0"
path = ".fixlang/deps/math_2.0.0"

[dependencies.git]
repo = "https://github.com/tttmmmyyyy/fixlang-math.git"
rev = "803bfafbc3bdc23f2f9636ad7830a74345ff99bf"
